
Microsoft Visual Studio Solution File, Format Version 12.00
# Visual Studio 2013
VisualStudioVersion = 12.0.30501.0
MinimumVisualStudioVersion = 10.0.40219.1
Project("{FAE04EC0-301F-11D3-BF4B-00C04F79EFBC}") = "MarketPriceAuthenticationExample_VS120", "MarketPriceAuthenticationExample_VS120.csproj", "{3F95F06F-ACAF-480D-80D2-32692A77AC67}"
EndProject
Project("{FAE04EC0-301F-11D3-BF4B-00C04F79EFBC}") = "MarketPriceExample_VS120", "MarketPriceExample_VS120.csproj", "{563A5799-47B2-494E-845B-C452861B61F4}"
EndProject
Project("{FAE04EC0-301F-11D3-BF4B-00C04F79EFBC}") = "MarketPriceBatchViewExample_VS120", "MarketPriceBatchViewExample_VS120.csproj", "{99658E0D-AF50-419B-AAB6-E3B039D80554}"
EndProject
Project("{FAE04EC0-301F-11D3-BF4B-00C04F79EFBC}") = "MarketPricePostingExample_VS120", "MarketPricePostingExample_VS120.csproj", "{B607DCC3-6EBE-4419-B047-39810FA1EFBA}"
EndProject
Project("{FAE04EC0-301F-11D3-BF4B-00C04F79EFBC}") = "MarketPricePingExample_VS120", "MarketPricePingExample_VS120.csproj", "{56348BCA-BC60-41F1-89AE-E8E3E8F73A8A}"
EndProject
Global
	GlobalSection(SolutionConfigurationPlatforms) = preSolution
		Debug|x86 = Debug|x86
		Release|x86 = Release|x86
	EndGlobalSection
	GlobalSection(ProjectConfigurationPlatforms) = postSolution
		{3F95F06F-ACAF-480D-80D2-32692A77AC67}.Debug|x86.ActiveCfg = Debug|x86
		{3F95F06F-ACAF-480D-80D2-32692A77AC67}.Debug|x86.Build.0 = Debug|x86
		{3F95F06F-ACAF-480D-80D2-32692A77AC67}.Release|x86.ActiveCfg = Release|x86
		{3F95F06F-ACAF-480D-80D2-32692A77AC67}.Release|x86.Build.0 = Release|x86
		{563A5799-47B2-494E-845B-C452861B61F4}.Debug|x86.ActiveCfg = Debug|x86
		{563A5799-47B2-494E-845B-C452861B61F4}.Debug|x86.Build.0 = Debug|x86
		{563A5799-47B2-494E-845B-C452861B61F4}.Release|x86.ActiveCfg = Release|x86
		{563A5799-47B2-494E-845B-C452861B61F4}.Release|x86.Build.0 = Release|x86
		{99658E0D-AF50-419B-AAB6-E3B039D80554}.Debug|x86.ActiveCfg = Debug|x86
		{99658E0D-AF50-419B-AAB6-E3B039D80554}.Debug|x86.Build.0 = Debug|x86
		{99658E0D-AF50-419B-AAB6-E3B039D80554}.Release|x86.ActiveCfg = Release|x86
		{99658E0D-AF50-419B-AAB6-E3B039D80554}.Release|x86.Build.0 = Release|x86
		{B607DCC3-6EBE-4419-B047-39810FA1EFBA}.Debug|x86.ActiveCfg = Debug|x86
		{B607DCC3-6EBE-4419-B047-39810FA1EFBA}.Debug|x86.Build.0 = Debug|x86
		{B607DCC3-6EBE-4419-B047-39810FA1EFBA}.Release|x86.ActiveCfg = Release|x86
		{B607DCC3-6EBE-4419-B047-39810FA1EFBA}.Release|x86.Build.0 = Release|x86
		{56348BCA-BC60-41F1-89AE-E8E3E8F73A8A}.Debug|x86.ActiveCfg = Debug|x86
		{56348BCA-BC60-41F1-89AE-E8E3E8F73A8A}.Debug|x86.Build.0 = Debug|x86
		{56348BCA-BC60-41F1-89AE-E8E3E8F73A8A}.Release|x86.ActiveCfg = Release|x86
		{56348BCA-BC60-41F1-89AE-E8E3E8F73A8A}.Release|x86.Build.0 = Release|x86
	EndGlobalSection
	GlobalSection(SolutionProperties) = preSolution
		HideSolutionNode = FALSE
	EndGlobalSection
EndGlobal
